// !$*UTF8*$!
{
	archiveVersion = 1;
	classes = {
	};
	objectVersion = 46;
	objects = {

/* Begin PBXBuildFile section */
		07BADBAD1EDBAAAC00DCA401 /* AppDelegate.swift in Sources */ = {isa = PBXBuildFile; fileRef = 07BADBAC1EDBAAAC00DCA401 /* AppDelegate.swift */; };
		07BADBAF1EDBAAAC00DCA401 /* ViewController.swift in Sources */ = {isa = PBXBuildFile; fileRef = 07BADBAE1EDBAAAC00DCA401 /* ViewController.swift */; };
		07BADBB21EDBAAAD00DCA401 /* Main.storyboard in Resources */ = {isa = PBXBuildFile; fileRef = 07BADBB01EDBAAAD00DCA401 /* Main.storyboard */; };
		07BADBB41EDBAAAD00DCA401 /* Assets.xcassets in Resources */ = {isa = PBXBuildFile; fileRef = 07BADBB31EDBAAAD00DCA401 /* Assets.xcassets */; };
		07BADBB71EDBAAAD00DCA401 /* LaunchScreen.storyboard in Resources */ = {isa = PBXBuildFile; fileRef = 07BADBB51EDBAAAD00DCA401 /* LaunchScreen.storyboard */; };
		07BADBBF1EDBAD3C00DCA401 /* pokemon.csv in Resources */ = {isa = PBXBuildFile; fileRef = 07BADBBE1EDBAD3C00DCA401 /* pokemon.csv */; };
		07BADBC21EDBAE2F00DCA401 /* Pokemon.swift in Sources */ = {isa = PBXBuildFile; fileRef = 07BADBC11EDBAE2F00DCA401 /* Pokemon.swift */; };
/* End PBXBuildFile section */

/* Begin PBXFileReference section */
		07BADBA91EDBAAAC00DCA401 /* Pokedex.app */ = {isa = PBXFileReference; explicitFileType = wrapper.application; includeInIndex = 0; path = Pokedex.app; sourceTree = BUILT_PRODUCTS_DIR; };
		07BADBAC1EDBAAAC00DCA401 /* AppDelegate.swift */ = {isa = PBXFileReference; lastKnownFileType = sourcecode.swift; path = AppDelegate.swift; sourceTree = "<group>"; };
		07BADBAE1EDBAAAC00DCA401 /* ViewController.swift */ = {isa = PBXFileReference; lastKnownFileType = sourcecode.swift; path = ViewController.swift; sourceTree = "<group>"; };
		07BADBB11EDBAAAD00DCA401 /* Base */ = {isa = PBXFileReference; lastKnownFileType = file.storyboard; name = Base; path = Base.lproj/Main.storyboard; sourceTree = "<group>"; };
		07BADBB31EDBAAAD00DCA401 /* Assets.xcassets */ = {isa = PBXFileReference; lastKnownFileType = folder.assetcatalog; path = Assets.xcassets; sourceTree = "<group>"; };
		07BADBB61EDBAAAD00DCA401 /* Base */ = {isa = PBXFileReference; lastKnownFileType = file.storyboard; name = Base; path = Base.lproj/LaunchScreen.storyboard; sourceTree = "<group>"; };
		07BADBB81EDBAAAD00DCA401 /* Info.plist */ = {isa = PBXFileReference; lastKnownFileType = text.plist.xml; path = Info.plist; sourceTree = "<group>"; };
		07BADBBE1EDBAD3C00DCA401 /* pokemon.csv */ = {isa = PBXFileReference; fileEncoding = 4; lastKnownFileType = text; path = pokemon.csv; sourceTree = "<group>"; };
		07BADBC11EDBAE2F00DCA401 /* Pokemon.swift */ = {isa = PBXFileReference; fileEncoding = 4; lastKnownFileType = sourcecode.swift; path = Pokemon.swift; sourceTree = "<group>"; };
/* End PBXFileReference section */

/* Begin PBXFrameworksBuildPhase section */
		07BADBA61EDBAAAC00DCA401 /* Frameworks */ = {
			isa = PBXFrameworksBuildPhase;
			buildActionMask = 2147483647;
			files = (
			);
			runOnlyForDeploymentPostprocessing = 0;
		};
/* End PBXFrameworksBuildPhase section */

/* Begin PBXGroup section */
		07BADBA01EDBAAAC00DCA401 = {
			isa = PBXGroup;
			children = (
				07BADBAB1EDBAAAC00DCA401 /* Pokedex */,
				07BADBAA1EDBAAAC00DCA401 /* Products */,
			);
			sourceTree = "<group>";
		};
		07BADBAA1EDBAAAC00DCA401 /* Products */ = {
			isa = PBXGroup;
			children = (
				07BADBA91EDBAAAC00DCA401 /* Pokedex.app */,
			);
			name = Products;
			sourceTree = "<group>";
		};
		07BADBAB1EDBAAAC00DCA401 /* Pokedex */ = {
			isa = PBXGroup;
			children = (
				07BADBC01EDBAE1300DCA401 /* Model */,
				07BADBAC1EDBAAAC00DCA401 /* AppDelegate.swift */,
				07BADBAE1EDBAAAC00DCA401 /* ViewController.swift */,
				07BADBB01EDBAAAD00DCA401 /* Main.storyboard */,
				07BADBB31EDBAAAD00DCA401 /* Assets.xcassets */,
				07BADBBE1EDBAD3C00DCA401 /* pokemon.csv */,
				07BADBB51EDBAAAD00DCA401 /* LaunchScreen.storyboard */,
				07BADBB81EDBAAAD00DCA401 /* Info.plist */,
			);
			path = Pokedex;
			sourceTree = "<group>";
		};
		07BADBC01EDBAE1300DCA401 /* Model */ = {
			isa = PBXGroup;
			children = (
				07BADBC11EDBAE2F00DCA401 /* Pokemon.swift */,
			);
			name = Model;
			sourceTree = "<group>";
		};
/* End PBXGroup section */

/* Begin PBXNativeTarget section */
		07BADBA81EDBAAAC00DCA401 /* Pokedex */ = {
			isa = PBXNativeTarget;
			buildConfigurationList = 07BADBBB1EDBAAAD00DCA401 /* Build configuration list for PBXNativeTarget "Pokedex" */;
			buildPhases = (
				07BADBA51EDBAAAC00DCA401 /* Sources */,
				07BADBA61EDBAAAC00DCA401 /* Frameworks */,
				07BADBA71EDBAAAC00DCA401 /* Resources */,
			);
			buildRules = (
			);
			dependencies = (
			);
			name = Pokedex;
			productName = Pokedex;
			productReference = 07BADBA91EDBAAAC00DCA401 /* Pokedex.app */;
			productType = "com.apple.product-type.application";
		};
/* End PBXNativeTarget section */

/* Begin PBXProject section */
		07BADBA11EDBAAAC00DCA401 /* Project object */ = {
			isa = PBXProject;
			attributes = {
				LastSwiftUpdateCheck = 0830;
				LastUpgradeCheck = 0830;
				ORGANIZATIONNAME = "Erblin Berisha";
				TargetAttributes = {
					07BADBA81EDBAAAC00DCA401 = {
						CreatedOnToolsVersion = 8.3.2;
						DevelopmentTeam = CG7B5K87R2;
						ProvisioningStyle = Automatic;
					};
				};
			};
			buildConfigurationList = 07BADBA41EDBAAAC00DCA401 /* Build configuration list for PBXProject "Pokedex" */;
			compatibilityVersion = "Xcode 3.2";
			developmentRegion = English;
			hasScannedForEncodings = 0;
			knownRegions = (
				en,
				Base,
			);
			mainGroup = 07BADBA01EDBAAAC00DCA401;
			productRefGroup = 07BADBAA1EDBAAAC00DCA401 /* Products */;
			projectDirPath = "";
			projectRoot = "";
			targets = (
				07BADBA81EDBAAAC00DCA401 /* Pokedex */,
			);
		};
/* End PBXProject section */

/* Begin PBXResourcesBuildPhase section */
		07BADBA71EDBAAAC00DCA401 /* Resources */ = {
			isa = PBXResourcesBuildPhase;
			buildActionMask = 2147483647;
			files = (
				07BADBB71EDBAAAD00DCA401 /* LaunchScreen.storyboard in Resources */,
				07BADBB41EDBAAAD00DCA401 /* Assets.xcassets in Resources */,
				07BADBBF1EDBAD3C00DCA401 /* pokemon.csv in Resources */,
				07BADBB21EDBAAAD00DCA401 /* Main.storyboard in Resources */,
			);
			runOnlyForDeploymentPostprocessing = 0;
		};
/* End PBXResourcesBuildPhase section */

/* Begin PBXSourcesBuildPhase section */
		07BADBA51EDBAAAC00DCA401 /* Sources */ = {
			isa = PBXSourcesBuildPhase;
			buildActionMask = 2147483647;
			files = (
				07BADBAF1EDBAAAC00DCA401 /* ViewController.swift in Sources */,
				07BADBAD1EDBAAAC00DCA401 /* AppDelegate.swift in Sources */,
				07BADBC21EDBAE2F00DCA401 /* Pokemon.swift in Sources */,
			);
			runOnlyForDeploymentPostprocessing = 0;
		};
/* End PBXSourcesBuildPhase section */

/* Begin PBXVariantGroup section */
		07BADBB01EDBAAAD00DCA401 /* Main.storyboard */ = {
			isa = PBXVariantGroup;
			children = (
				07BADBB11EDBAAAD00DCA401 /* Base */,
			);
			name = Main.storyboard;
			sourceTree = "<group>";
		};
		07BADBB51EDBAAAD00DCA401 /* LaunchScreen.storyboard */ = {
			isa = PBXVariantGroup;
			children = (
				07BADBB61EDBAAAD00DCA401 /* Base */,
			);
			name = LaunchScreen.storyboard;
			sourceTree = "<group>";
		};
/* End PBXVariantGroup section */

/* Begin XCBuildConfiguration section */
		07BADBB91EDBAAAD00DCA401 /* Debug */ = {
			isa = XCBuildConfiguration;
			buildSettings = {
				ALWAYS_SEARCH_USER_PATHS = NO;
				CLANG_ANALYZER_NONNULL = YES;
				CLANG_ANALYZER_NUMBER_OBJECT_CONVERSION = YES_AGGRESSIVE;
				CLANG_CXX_LANGUAGE_STANDARD = "gnu++0x";
				CLANG_CXX_LIBRARY = "libc++";
				CLANG_ENABLE_MODULES = YES;
				CLANG_ENABLE_OBJC_ARC = YES;
				CLANG_WARN_BOOL_CONVERSION = YES;
				CLANG_WARN_CONSTANT_CONVERSION = YES;
				CLANG_WARN_DIRECT_OBJC_ISA_USAGE = YES_ERROR;
				CLANG_WARN_DOCUMENTATION_COMMENTS = YES;
				CLANG_WARN_EMPTY_BODY = YES;
				CLANG_WARN_ENUM_CONVERSION = YES;
				CLANG_WARN_INFINITE_RECURSION = YES;
				CLANG_WARN_INT_CONVERSION = YES;
				CLANG_WARN_OBJC_ROOT_CLASS = YES_ERROR;
				CLANG_WARN_SUSPICIOUS_MOVE = YES;
				CLANG_WARN_UNREACHABLE_CODE = YES;
				CLANG_WARN__DUPLICATE_METHOD_MATCH = YES;
				"CODE_SIGN_IDENTITY[sdk=iphoneos*]" = "iPhone Developer";
				COPY_PHASE_STRIP = NO;
				DEBUG_INFORMATION_FORMAT = dwarf;
				ENABLE_STRICT_OBJC_MSGSEND = YES;
				ENABLE_TESTABILITY = YES;
				GCC_C_LANGUAGE_STANDARD = gnu99;
				GCC_DYNAMIC_NO_PIC = NO;
				GCC_NO_COMMON_BLOCKS = YES;
				GCC_OPTIMIZATION_LEVEL = 0;
				GCC_PREPROCESSOR_DEFINITIONS = (
					"DEBUG=1",
					"$(inherited)",
				);
				GCC_WARN_64_TO_32_BIT_CONVERSION = YES;
				GCC_WARN_ABOUT_RETURN_TYPE = YES_ERROR;
				GCC_WARN_UNDECLARED_SELECTOR = YES;
				GCC_WARN_UNINITIALIZED_AUTOS = YES_AGGRESSIVE;
				GCC_WARN_UNUSED_FUNCTION = YES;
				GCC_WARN_UNUSED_VARIABLE = YES;
				IPHONEOS_DEPLOYMENT_TARGET = 10.3;
				MTL_ENABLE_DEBUG_INFO = YES;
				ONLY_ACTIVE_ARCH = YES;
				SDKROOT = iphoneos;
				SWIFT_ACTIVE_COMPILATION_CONDITIONS = DEBUG;
				SWIFT_OPTIMIZATION_LEVEL = "-Onone";
			};
			name = Debug;
		};
		07BADBBA1EDBAAAD00DCA401 /* Release */ = {
			isa = XCBuildConfiguration;
			buildSettings = {
				ALWAYS_SEARCH_USER_PATHS = NO;
				CLANG_ANALYZER_NONNULL = YES;
				CLANG_ANALYZER_NUMBER_OBJECT_CONVERSION = YES_AGGRESSIVE;
				CLANG_CXX_LANGUAGE_STANDARD = "gnu++0x";
				CLANG_CXX_LIBRARY = "libc++";
				CLANG_ENABLE_MODULES = YES;
				CLANG_ENABLE_OBJC_ARC = YES;
				CLANG_WARN_BOOL_CONVERSION = YES;
				CLANG_WARN_CONSTANT_CONVERSION = YES;
				CLANG_WARN_DIRECT_OBJC_ISA_USAGE = YES_ERROR;
				CLANG_WARN_DOCUMENTATION_COMMENTS = YES;
				CLANG_WARN_EMPTY_BODY = YES;
				CLANG_WARN_ENUM_CONVERSION = YES;
				CLANG_WARN_INFINITE_RECURSION = YES;
				CLANG_WARN_INT_CONVERSION = YES;
				CLANG_WARN_OBJC_ROOT_CLASS = YES_ERROR;
				CLANG_WARN_SUSPICIOUS_MOVE = YES;
				CLANG_WARN_UNREACHABLE_CODE = YES;
				CLANG_WARN__DUPLICATE_METHOD_MATCH = YES;
				"CODE_SIGN_IDENTITY[sdk=iphoneos*]" = "iPhone Developer";
				COPY_PHASE_STRIP = NO;
				DEBUG_INFORMATION_FORMAT = "dwarf-with-dsym";
				ENABLE_NS_ASSERTIONS = NO;
				ENABLE_STRICT_OBJC_MSGSEND = YES;
				GCC_C_LANGUAGE_STANDARD = gnu99;
				GCC_NO_COMMON_BLOCKS = YES;
				GCC_WARN_64_TO_32_BIT_CONVERSION = YES;
				GCC_WARN_ABOUT_RETURN_TYPE = YES_ERROR;
				GCC_WARN_UNDECLARED_SELECTOR = YES;
				GCC_WARN_UNINITIALIZED_AUTOS = YES_AGGRESSIVE;
				GCC_WARN_UNUSED_FUNCTION = YES;
				GCC_WARN_UNUSED_VARIABLE = YES;
				IPHONEOS_DEPLOYMENT_TARGET = 10.3;
				MTL_ENABLE_DEBUG_INFO = NO;
				SDKROOT = iphoneos;
				SWIFT_OPTIMIZATION_LEVEL = "-Owholemodule";
				VALIDATE_PRODUCT = YES;
			};
			name = Release;
		};
		07BADBBC1EDBAAAD00DCA401 /* Debug */ = {
			isa = XCBuildConfiguration;
			buildSettings = {
				ASSETCATALOG_COMPILER_APPICON_NAME = AppIcon;
				DEVELOPMENT_TEAM = CG7B5K87R2;
				INFOPLIST_FILE = Pokedex/Info.plist;
				IPHONEOS_DEPLOYMENT_TARGET = 10.0;
				LD_RUNPATH_SEARCH_PATHS = "$(inherited) @executable_path/Frameworks";
				PRODUCT_BUNDLE_IDENTIFIER = com.berishaerblin.Pokedex;
				PRODUCT_NAME = "$(TARGET_NAME)";
				SWIFT_VERSION = 3.0;
			};
			name = Debug;
		};
		07BADBBD1EDBAAAD00DCA401 /* Release */ = {
			isa = XCBuildConfiguration;
			buildSettings = {
				ASSETCATALOG_COMPILER_APPICON_NAME = AppIcon;
				DEVELOPMENT_TEAM = CG7B5K87R2;
				INFOPLIST_FILE = Pokedex/Info.plist;
				IPHONEOS_DEPLOYMENT_TARGET = 10.0;
				LD_RUNPATH_SEARCH_PATHS = "$(inherited) @executable_path/Frameworks";
				PRODUCT_BUNDLE_IDENTIFIER = com.berishaerblin.Pokedex;
				PRODUCT_NAME = "$(TARGET_NAME)";
				SWIFT_VERSION = 3.0;
			};
			name = Release;
		};
/* End XCBuildConfiguration section */

/* Begin XCConfigurationList section */
		07BADBA41EDBAAAC00DCA401 /* Build configuration list for PBXProject "Pokedex" */ = {
			isa = XCConfigurationList;
			buildConfigurations = (
				07BADBB91EDBAAAD00DCA401 /* Debug */,
				07BADBBA1EDBAAAD00DCA401 /* Release */,
			);
			defaultConfigurationIsVisible = 0;
			defaultConfigurationName = Release;
		};
		07BADBBB1EDBAAAD00DCA401 /* Build configuration list for PBXNativeTarget "Pokedex" */ = {
			isa = XCConfigurationList;
			buildConfigurations = (
				07BADBBC1EDBAAAD00DCA401 /* Debug */,
				07BADBBD1EDBAAAD00DCA401 /* Release */,
			);
			defaultConfigurationIsVisible = 0;
		};
/* End XCConfigurationList section */
	};
	rootObject = 07BADBA11EDBAAAC00DCA401 /* Project object */;
}
